
Microsoft Visual Studio Solution File, Format Version 12.00
# Visual Studio Version 16
VisualStudioVersion = 16.0.30309.148
MinimumVisualStudioVersion = 10.0.40219.1
Project("{FAE04EC0-301F-11D3-BF4B-00C04F79EFBC}") = "ChainOfResponsibilityDesignPattern", "ChainOfResponsibilityDesignPattern\ChainOfResponsibilityDesignPattern.csproj", "{F7EB003B-2EE3-4A81-9476-4F7279E1D876}"
EndProject
Global
	GlobalSection(SolutionConfigurationPlatforms) = preSolution
		Debug|Any CPU = Debug|Any CPU
		Release|Any CPU = Release|Any CPU
	EndGlobalSection
	GlobalSection(ProjectConfigurationPlatforms) = postSolution
		{F7EB003B-2EE3-4A81-9476-4F7279E1D876}.Debug|Any CPU.ActiveCfg = Debug|Any CPU
		{F7EB003B-2EE3-4A81-9476-4F7279E1D876}.Debug|Any CPU.Build.0 = Debug|Any CPU
		{F7EB003B-2EE3-4A81-9476-4F7279E1D876}.Release|Any CPU.ActiveCfg = Release|Any CPU
		{F7EB003B-2EE3-4A81-9476-4F7279E1D876}.Release|Any CPU.Build.0 = Release|Any CPU
	EndGlobalSection
	GlobalSection(SolutionProperties) = preSolution
		HideSolutionNode = FALSE
	EndGlobalSection
	GlobalSection(ExtensibilityGlobals) = postSolution
		SolutionGuid = {C1FFBEC4-90DC-4B34-81E9-44FF0D212E5E}
	EndGlobalSection
EndGlobal
